
Microsoft Visual Studio Solution File, Format Version 12.00
# Visual Studio Version 17
VisualStudioVersion = 17.7.33920.267
MinimumVisualStudioVersion = 10.0.40219.1
Project("{9A19103F-16F7-4668-BE54-9A1E7A4F7556}") = "WinFormsBlazor", "WinFormsBlazor\WinFormsBlazor.csproj", "{78A9DFAB-CFD2-4479-B197-6EF2BD29439A}"
EndProject
Global
	GlobalSection(SolutionConfigurationPlatforms) = preSolution
		Debug|Any CPU = Debug|Any CPU
		Release|Any CPU = Release|Any CPU
	EndGlobalSection
	GlobalSection(ProjectConfigurationPlatforms) = postSolution
		{78A9DFAB-CFD2-4479-B197-6EF2BD29439A}.Debug|Any CPU.ActiveCfg = Debug|Any CPU
		{78A9DFAB-CFD2-4479-B197-6EF2BD29439A}.Debug|Any CPU.Build.0 = Debug|Any CPU
		{78A9DFAB-CFD2-4479-B197-6EF2BD29439A}.Release|Any CPU.ActiveCfg = Release|Any CPU
		{78A9DFAB-CFD2-4479-B197-6EF2BD29439A}.Release|Any CPU.Build.0 = Release|Any CPU
	EndGlobalSection
	GlobalSection(SolutionProperties) = preSolution
		HideSolutionNode = FALSE
	EndGlobalSection
	GlobalSection(ExtensibilityGlobals) = postSolution
		SolutionGuid = {29BBACB9-C8E9-4136-A6E4-7D2B7BE08754}
	EndGlobalSection
EndGlobal
